
Microsoft Visual Studio Solution File, Format Version 12.00
# Visual Studio 14
VisualStudioVersion = 14.0.25123.0
MinimumVisualStudioVersion = 10.0.40219.1
Project("{FAE04EC0-301F-11D3-BF4B-00C04F79EFBC}") = "ShortUrl.Web", "ShortUrl.Web\ShortUrl.Web.csproj", "{4B450584-355B-46C6-BCEF-8AD8F2AC165D}"
EndProject
Project("{FAE04EC0-301F-11D3-BF4B-00C04F79EFBC}") = "ShortUrl.Library", "ShortUrl.Library\ShortUrl.Library.csproj", "{6E3C9F1B-BAA3-4166-A523-0A11293363CD}"
EndProject
Global
	GlobalSection(SolutionConfigurationPlatforms) = preSolution
		Debug|Any CPU = Debug|Any CPU
		Release|Any CPU = Release|Any CPU
	EndGlobalSection
	GlobalSection(ProjectConfigurationPlatforms) = postSolution
		{4B450584-355B-46C6-BCEF-8AD8F2AC165D}.Debug|Any CPU.ActiveCfg = Debug|Any CPU
		{4B450584-355B-46C6-BCEF-8AD8F2AC165D}.Debug|Any CPU.Build.0 = Debug|Any CPU
		{4B450584-355B-46C6-BCEF-8AD8F2AC165D}.Release|Any CPU.ActiveCfg = Release|Any CPU
		{4B450584-355B-46C6-BCEF-8AD8F2AC165D}.Release|Any CPU.Build.0 = Release|Any CPU
		{6E3C9F1B-BAA3-4166-A523-0A11293363CD}.Debug|Any CPU.ActiveCfg = Debug|Any CPU
		{6E3C9F1B-BAA3-4166-A523-0A11293363CD}.Debug|Any CPU.Build.0 = Debug|Any CPU
		{6E3C9F1B-BAA3-4166-A523-0A11293363CD}.Release|Any CPU.ActiveCfg = Release|Any CPU
		{6E3C9F1B-BAA3-4166-A523-0A11293363CD}.Release|Any CPU.Build.0 = Release|Any CPU
	EndGlobalSection
	GlobalSection(SolutionProperties) = preSolution
		HideSolutionNode = FALSE
	EndGlobalSection
EndGlobal
